
Microsoft Visual Studio Solution File, Format Version 12.00
# Visual Studio Version 16
VisualStudioVersion = 16.0.30225.117
MinimumVisualStudioVersion = 10.0.40219.1
Project("{FAE04EC0-301F-11D3-BF4B-00C04F79EFBC}") = "BestBuyBestPractices", "BestBuyBestPractices.csproj", "{EA8DB6CC-E260-42EC-A722-BB324A96C9F6}"
EndProject
Global
	GlobalSection(SolutionConfigurationPlatforms) = preSolution
		Debug|Any CPU = Debug|Any CPU
		Release|Any CPU = Release|Any CPU
	EndGlobalSection
	GlobalSection(ProjectConfigurationPlatforms) = postSolution
		{EA8DB6CC-E260-42EC-A722-BB324A96C9F6}.Debug|Any CPU.ActiveCfg = Debug|Any CPU
		{EA8DB6CC-E260-42EC-A722-BB324A96C9F6}.Debug|Any CPU.Build.0 = Debug|Any CPU
		{EA8DB6CC-E260-42EC-A722-BB324A96C9F6}.Release|Any CPU.ActiveCfg = Release|Any CPU
		{EA8DB6CC-E260-42EC-A722-BB324A96C9F6}.Release|Any CPU.Build.0 = Release|Any CPU
	EndGlobalSection
	GlobalSection(SolutionProperties) = preSolution
		HideSolutionNode = FALSE
	EndGlobalSection
	GlobalSection(ExtensibilityGlobals) = postSolution
		SolutionGuid = {041F8C8D-1BC4-4339-B564-7AF96248A9EA}
	EndGlobalSection
EndGlobal
